{
  "R": {
    "Version": "4.1.3",
    "Repositories": [
      {
        "Name": "CRAN",
        "URL": "https://p3m.dev/cran/latest"
      },
      {
        "Name": "PPM",
        "URL": "https://p3m.dev/cran/latest"
      },
      {
        "Name": "RSPM",
        "URL": "https://p3m.dev/cran/latest"
      }
    ]
  },
  "Packages": {
    "FNN": {
      "Package": "FNN",
      "Version": "1.1.4.1",
      "Source": "Repository",
      "Repository": "CRAN",
      "Requirements": [
        "R"
      ],
      "Hash": "c7b4a49c7f435d0a67bb1e127e953d75"
    },
    "R.methodsS3": {
      "Package": "R.methodsS3",
      "Version": "1.8.2",
      "Source": "Repository",
      "Repository": "CRAN",
      "Requirements": [
        "R",
        "utils"
      ],
      "Hash": "278c286fd6e9e75d0c2e8f731ea445c8"
    },
    "R.oo": {
      "Package": "R.oo",
      "Version": "1.27.0",
      "Source": "Repository",
      "Repository": "CRAN",
      "Requirements": [
        "R",
        "R.methodsS3",
        "methods",
        "utils"
      ],
      "Hash": "6ac79ff194202248cf946fe3a5d6d498"
    },
    "R.utils": {
      "Package": "R.utils",
      "Version": "2.12.3",
      "Source": "Repository",
      "Repository": "CRAN",
      "Requirements": [
        "R",
        "R.methodsS3",
        "R.oo",
        "methods",
        "tools",
        "utils"
      ],
      "Hash": "3dc2829b790254bfba21e60965787651"
    },
    "R6": {
      "Package": "R6",
      "Version": "2.5.1",
      "Source": "Repository",
      "Repository": "RSPM",
      "Requirements": [
        "R"
      ],
      "Hash": "470851b6d5d0ac559e9d01bb352b4021"
    },
    "RColorBrewer": {
      "Package": "RColorBrewer",
      "Version": "1.1-3",
      "Source": "Repository",
      "Repository": "CRAN",
      "Requirements": [
        "R"
      ],
      "Hash": "45f0398006e83a5b10b72a90663d8d8c"
    },
    "Rcpp": {
      "Package": "Rcpp",
      "Version": "1.0.13-1",
      "Source": "Repository",
      "Repository": "CRAN",
      "Requirements": [
        "methods",
        "utils"
      ],
      "Hash": "6b868847b365672d6c1677b1608da9ed"
    },
    "RcppProgress": {
      "Package": "RcppProgress",
      "Version": "0.4.2",
      "Source": "Repository",
      "Repository": "CRAN",
      "Hash": "1c0aa18b97e6aaa17f93b8b866c0ace5"
    },
    "abind": {
      "Package": "abind",
      "Version": "1.4-8",
      "Source": "Repository",
      "Repository": "CRAN",
      "Requirements": [
        "R",
        "methods",
        "utils"
      ],
      "Hash": "2288423bb0f20a457800d7fc47f6aa54"
    },
    "ash": {
      "Package": "ash",
      "Version": "1.0-15",
      "Source": "Repository",
      "Repository": "CRAN",
      "Hash": "e16751c399be6260ddf41f8148a3f8ef"
    },
    "base64enc": {
      "Package": "base64enc",
      "Version": "0.1-3",
      "Source": "Repository",
      "Repository": "CRAN",
      "Requirements": [
        "R"
      ],
      "Hash": "543776ae6848fde2f48ff3816d0628bc"
    },
    "bit": {
      "Package": "bit",
      "Version": "4.5.0",
      "Source": "Repository",
      "Repository": "CRAN",
      "Requirements": [
        "R"
      ],
      "Hash": "5dc7b2677d65d0e874fc4aaf0e879987"
    },
    "bit64": {
      "Package": "bit64",
      "Version": "4.5.2",
      "Source": "Repository",
      "Repository": "CRAN",
      "Requirements": [
        "R",
        "bit",
        "methods",
        "stats",
        "utils"
      ],
      "Hash": "e84984bf5f12a18628d9a02322128dfd"
    },
    "bslib": {
      "Package": "bslib",
      "Version": "0.8.0",
      "Source": "Repository",
      "Repository": "CRAN",
      "Requirements": [
        "R",
        "base64enc",
        "cachem",
        "fastmap",
        "grDevices",
        "htmltools",
        "jquerylib",
        "jsonlite",
        "lifecycle",
        "memoise",
        "mime",
        "rlang",
        "sass"
      ],
      "Hash": "b299c6741ca9746fb227debcb0f9fb6c"
    },
    "cachem": {
      "Package": "cachem",
      "Version": "1.0.6",
      "Source": "Repository",
      "Repository": "RSPM",
      "Requirements": [
        "fastmap",
        "rlang"
      ],
      "Hash": "648c5b3d71e6a37e3043617489a0a0e9"
    },
    "cellranger": {
      "Package": "cellranger",
      "Version": "1.1.0",
      "Source": "Repository",
      "Repository": "CRAN",
      "Requirements": [
        "R",
        "rematch",
        "tibble"
      ],
      "Hash": "f61dbaec772ccd2e17705c1e872e9e7c"
    },
    "cli": {
      "Package": "cli",
      "Version": "3.6.3",
      "Source": "Repository",
      "Repository": "CRAN",
      "Requirements": [
        "R",
        "utils"
      ],
      "Hash": "b21916dd77a27642b447374a5d30ecf3"
    },
    "clipr": {
      "Package": "clipr",
      "Version": "0.8.0",
      "Source": "Repository",
      "Repository": "RSPM",
      "Requirements": [
        "utils"
      ],
      "Hash": "3f038e5ac7f41d4ac41ce658c85e3042"
    },
    "colorspace": {
      "Package": "colorspace",
      "Version": "2.1-1",
      "Source": "Repository",
      "Repository": "CRAN",
      "Requirements": [
        "R",
        "grDevices",
        "graphics",
        "methods",
        "stats"
      ],
      "Hash": "d954cb1c57e8d8b756165d7ba18aa55a"
    },
    "cpp11": {
      "Package": "cpp11",
      "Version": "0.4.2",
      "Source": "Repository",
      "Repository": "RSPM",
      "Hash": "fa53ce256cd280f468c080a58ea5ba8c"
    },
    "crayon": {
      "Package": "crayon",
      "Version": "1.5.0",
      "Source": "Repository",
      "Repository": "RSPM",
      "Requirements": [
        "grDevices",
        "methods",
        "utils"
      ],
      "Hash": "741c2e098e98afe3dc26a7b0e5489f4e"
    },
    "curl": {
      "Package": "curl",
      "Version": "4.3.2",
      "Source": "Repository",
      "Repository": "RSPM",
      "Requirements": [
        "R"
      ],
      "Hash": "022c42d49c28e95d69ca60446dbabf88"
    },
    "curvHDR": {
      "Package": "curvHDR",
      "Version": "1.2-2",
      "Source": "Repository",
      "Repository": "CRAN",
      "Requirements": [
        "KernSmooth",
        "feature",
        "geometry",
        "hdrcde",
        "ks",
        "misc3d",
        "ptinpoly",
        "rgl"
      ],
      "Hash": "dfab8fdf50adfbe5e3473ce55fc700a1"
    },
    "data.table": {
      "Package": "data.table",
      "Version": "1.16.2",
      "Source": "Repository",
      "Repository": "CRAN",
      "Requirements": [
        "R",
        "methods"
      ],
      "Hash": "2e00b378fc3be69c865120d9f313039a"
    },
    "digest": {
      "Package": "digest",
      "Version": "0.6.29",
      "Source": "Repository",
      "Repository": "RSPM",
      "Requirements": [
        "R",
        "utils"
      ],
      "Hash": "cf6b206a045a684728c3267ef7596190"
    },
    "ellipsis": {
      "Package": "ellipsis",
      "Version": "0.3.2",
      "Source": "Repository",
      "Repository": "RSPM",
      "Requirements": [
        "R",
        "rlang"
      ],
      "Hash": "bb0eec2fe32e88d9e2836c2f73ea2077"
    },
    "evaluate": {
      "Package": "evaluate",
      "Version": "0.15",
      "Source": "Repository",
      "Repository": "RSPM",
      "Requirements": [
        "R",
        "methods"
      ],
      "Hash": "699a7a93d08c962d9f8950b2d7a227f1"
    },
    "fansi": {
      "Package": "fansi",
      "Version": "1.0.2",
      "Source": "Repository",
      "Repository": "RSPM",
      "Requirements": [
        "R",
        "grDevices",
        "utils"
      ],
      "Hash": "f28149c2d7a1342a834b314e95e67260"
    },
    "farver": {
      "Package": "farver",
      "Version": "2.1.2",
      "Source": "Repository",
      "Repository": "CRAN",
      "Hash": "680887028577f3fa2a81e410ed0d6e42"
    },
    "fastmap": {
      "Package": "fastmap",
      "Version": "1.2.0",
      "Source": "Repository",
      "Repository": "CRAN",
      "Hash": "aa5e1cd11c2d15497494c5292d7ffcc8"
    },
    "feature": {
      "Package": "feature",
      "Version": "1.2.15",
      "Source": "Repository",
      "Repository": "CRAN",
      "Requirements": [
        "R",
        "ks",
        "plot3D",
        "tcltk"
      ],
      "Hash": "376e9ed2137afb189d1da06c8a01f80b"
    },
    "fontawesome": {
      "Package": "fontawesome",
      "Version": "0.5.3",
      "Source": "Repository",
      "Repository": "CRAN",
      "Requirements": [
        "R",
        "htmltools",
        "rlang"
      ],
      "Hash": "bd1297f9b5b1fc1372d19e2c4cd82215"
    },
    "forcats": {
      "Package": "forcats",
      "Version": "1.0.0",
      "Source": "Repository",
      "Repository": "CRAN",
      "Requirements": [
        "R",
        "cli",
        "glue",
        "lifecycle",
        "magrittr",
        "rlang",
        "tibble"
      ],
      "Hash": "1a0a9a3d5083d0d573c4214576f1e690"
    },
    "fs": {
      "Package": "fs",
      "Version": "1.5.2",
      "Source": "Repository",
      "Repository": "RSPM",
      "Requirements": [
        "R",
        "methods"
      ],
      "Hash": "7c89603d81793f0d5486d91ab1fc6f1d"
    },
    "geometry": {
      "Package": "geometry",
      "Version": "0.5.0",
      "Source": "Repository",
      "Repository": "CRAN",
      "Requirements": [
        "R",
        "Rcpp",
        "RcppProgress",
        "linprog",
        "lpSolve",
        "magic"
      ],
      "Hash": "b052bd270aeddeca332c20feecfb039d"
    },
    "ggplot2": {
      "Package": "ggplot2",
      "Version": "3.5.1",
      "Source": "Repository",
      "Repository": "CRAN",
      "Requirements": [
        "MASS",
        "R",
        "cli",
        "glue",
        "grDevices",
        "grid",
        "gtable",
        "isoband",
        "lifecycle",
        "mgcv",
        "rlang",
        "scales",
        "stats",
        "tibble",
        "vctrs",
        "withr"
      ],
      "Hash": "44c6a2f8202d5b7e878ea274b1092426"
    },
    "glue": {
      "Package": "glue",
      "Version": "1.6.2",
      "Source": "Repository",
      "Repository": "RSPM",
      "Requirements": [
        "R",
        "methods"
      ],
      "Hash": "4f2596dfb05dac67b9dc558e5c6fba2e"
    },
    "gridExtra": {
      "Package": "gridExtra",
      "Version": "2.3",
      "Source": "Repository",
      "Repository": "CRAN",
      "Requirements": [
        "grDevices",
        "graphics",
        "grid",
        "gtable",
        "utils"
      ],
      "Hash": "7d7f283939f563670a697165b2cf5560"
    },
    "gtable": {
      "Package": "gtable",
      "Version": "0.3.6",
      "Source": "Repository",
      "Repository": "CRAN",
      "Requirements": [
        "R",
        "cli",
        "glue",
        "grid",
        "lifecycle",
        "rlang",
        "stats"
      ],
      "Hash": "de949855009e2d4d0e52a844e30617ae"
    },
    "haven": {
      "Package": "haven",
      "Version": "2.5.4",
      "Source": "Repository",
      "Repository": "CRAN",
      "Requirements": [
        "R",
        "cli",
        "cpp11",
        "forcats",
        "hms",
        "lifecycle",
        "methods",
        "readr",
        "rlang",
        "tibble",
        "tidyselect",
        "vctrs"
      ],
      "Hash": "9171f898db9d9c4c1b2c745adc2c1ef1"
    },
    "hdrcde": {
      "Package": "hdrcde",
      "Version": "3.4",
      "Source": "Repository",
      "Repository": "CRAN",
      "Requirements": [
        "KernSmooth",
        "R",
        "RColorBrewer",
        "ash",
        "ggplot2",
        "ks",
        "locfit"
      ],
      "Hash": "969fb6dd6d4c27d849b92098e33293f0"
    },
    "highr": {
      "Package": "highr",
      "Version": "0.11",
      "Source": "Repository",
      "Repository": "CRAN",
      "Requirements": [
        "R",
        "xfun"
      ],
      "Hash": "d65ba49117ca223614f71b60d85b8ab7"
    },
    "hms": {
      "Package": "hms",
      "Version": "1.1.3",
      "Source": "Repository",
      "Repository": "CRAN",
      "Requirements": [
        "lifecycle",
        "methods",
        "pkgconfig",
        "rlang",
        "vctrs"
      ],
      "Hash": "b59377caa7ed00fa41808342002138f9"
    },
    "htmltools": {
      "Package": "htmltools",
      "Version": "0.5.8.1",
      "Source": "Repository",
      "Repository": "CRAN",
      "Requirements": [
        "R",
        "base64enc",
        "digest",
        "fastmap",
        "grDevices",
        "rlang",
        "utils"
      ],
      "Hash": "81d371a9cc60640e74e4ab6ac46dcedc"
    },
    "htmlwidgets": {
      "Package": "htmlwidgets",
      "Version": "1.6.4",
      "Source": "Repository",
      "Repository": "CRAN",
      "Requirements": [
        "grDevices",
        "htmltools",
        "jsonlite",
        "knitr",
        "rmarkdown",
        "yaml"
      ],
      "Hash": "04291cc45198225444a397606810ac37"
    },
    "isoband": {
      "Package": "isoband",
      "Version": "0.2.7",
      "Source": "Repository",
      "Repository": "CRAN",
      "Requirements": [
        "grid",
        "utils"
      ],
      "Hash": "0080607b4a1a7b28979aecef976d8bc2"
    },
    "jquerylib": {
      "Package": "jquerylib",
      "Version": "0.1.4",
      "Source": "Repository",
      "Repository": "CRAN",
      "Requirements": [
        "htmltools"
      ],
      "Hash": "5aab57a3bd297eee1c1d862735972182"
    },
    "jsonlite": {
      "Package": "jsonlite",
      "Version": "1.8.0",
      "Source": "Repository",
      "Repository": "RSPM",
      "Requirements": [
        "methods"
      ],
      "Hash": "d07e729b27b372429d42d24d503613a0"
    },
    "kernlab": {
      "Package": "kernlab",
      "Version": "0.9-33",
      "Source": "Repository",
      "Repository": "CRAN",
      "Requirements": [
        "R",
        "grDevices",
        "graphics",
        "methods",
        "stats"
      ],
      "Hash": "97d266249d6c3b4f40e34e1ceaf9c558"
    },
    "knitr": {
      "Package": "knitr",
      "Version": "1.49",
      "Source": "Repository",
      "Repository": "CRAN",
      "Requirements": [
        "R",
        "evaluate",
        "highr",
        "methods",
        "tools",
        "xfun",
        "yaml"
      ],
      "Hash": "9fcb189926d93c636dea94fbe4f44480"
    },
    "ks": {
      "Package": "ks",
      "Version": "1.14.3",
      "Source": "Repository",
      "Repository": "CRAN",
      "Requirements": [
        "FNN",
        "KernSmooth",
        "Matrix",
        "R",
        "kernlab",
        "mclust",
        "mgcv",
        "multicool",
        "mvtnorm",
        "pracma"
      ],
      "Hash": "a8ca08fe0fbcd6223b782e991960392c"
    },
    "labeling": {
      "Package": "labeling",
      "Version": "0.4.3",
      "Source": "Repository",
      "Repository": "CRAN",
      "Requirements": [
        "graphics",
        "stats"
      ],
      "Hash": "b64ec208ac5bc1852b285f665d6368b3"
    },
    "lattice": {
      "Package": "lattice",
      "Version": "0.20-45",
      "Source": "Repository",
      "Repository": "CRAN",
      "Requirements": [
        "R",
        "grDevices",
        "graphics",
        "grid",
        "stats",
        "utils"
      ],
      "Hash": "b64cdbb2b340437c4ee047a1f4c4377b"
    },
    "lifecycle": {
      "Package": "lifecycle",
      "Version": "1.0.4",
      "Source": "Repository",
      "Repository": "CRAN",
      "Requirements": [
        "R",
        "cli",
        "glue",
        "rlang"
      ],
      "Hash": "b8552d117e1b808b09a832f589b79035"
    },
    "linprog": {
      "Package": "linprog",
      "Version": "0.9-4",
      "Source": "Repository",
      "Repository": "CRAN",
      "Requirements": [
        "R",
        "lpSolve"
      ],
      "Hash": "66e9d4ebd71ddcd6f86a2a9a34f5cdc5"
    },
    "locfit": {
      "Package": "locfit",
      "Version": "1.5-9.10",
      "Source": "Repository",
      "Repository": "CRAN",
      "Requirements": [
        "R",
        "lattice"
      ],
      "Hash": "7d8e0ac914051ca0254332387d9b5816"
    },
    "lpSolve": {
      "Package": "lpSolve",
      "Version": "5.6.22",
      "Source": "Repository",
      "Repository": "CRAN",
      "Hash": "bd62ebb5bdc0cbf55ea6da593a4475ed"
    },
    "magic": {
      "Package": "magic",
      "Version": "1.6-1",
      "Source": "Repository",
      "Repository": "CRAN",
      "Requirements": [
        "R",
        "abind"
      ],
      "Hash": "1da6217cea8a3ef496258819b80770e1"
    },
    "magick": {
      "Package": "magick",
      "Version": "2.8.5",
      "Source": "Repository",
      "Repository": "CRAN",
      "Requirements": [
        "Rcpp",
        "curl",
        "magrittr"
      ],
      "Hash": "9bba16130de599cfe8e6a644911d7f32"
    },
    "magrittr": {
      "Package": "magrittr",
      "Version": "2.0.2",
      "Source": "Repository",
      "Repository": "RSPM",
      "Hash": "cdc87ecd81934679d1557633d8e1fe51"
    },
    "mclust": {
      "Package": "mclust",
      "Version": "6.1.1",
      "Source": "Repository",
      "Repository": "CRAN",
      "Requirements": [
        "R",
        "grDevices",
        "graphics",
        "stats",
        "utils"
      ],
      "Hash": "aa9cfd45e2c3297213e270d000d80655"
    },
    "memoise": {
      "Package": "memoise",
      "Version": "2.0.1",
      "Source": "Repository",
      "Repository": "RSPM",
      "Requirements": [
        "cachem",
        "rlang"
      ],
      "Hash": "e2817ccf4a065c5d9d7f2cfbe7c1d78c"
    },
    "mime": {
      "Package": "mime",
      "Version": "0.12",
      "Source": "Repository",
      "Repository": "RSPM",
      "Requirements": [
        "tools"
      ],
      "Hash": "18e9c28c1d3ca1560ce30658b22ce104"
    },
    "misc3d": {
      "Package": "misc3d",
      "Version": "0.9-1",
      "Source": "Repository",
      "Repository": "CRAN",
      "Requirements": [
        "grDevices",
        "graphics",
        "stats",
        "tcltk"
      ],
      "Hash": "c075218a4fc802bab009a7f5e01bb686"
    },
    "multicool": {
      "Package": "multicool",
      "Version": "1.0.1",
      "Source": "Repository",
      "Repository": "CRAN",
      "Requirements": [
        "Rcpp",
        "methods"
      ],
      "Hash": "cf60fcb1c13e9d209aed3a36a7ef8f39"
    },
    "munsell": {
      "Package": "munsell",
      "Version": "0.5.1",
      "Source": "Repository",
      "Repository": "CRAN",
      "Requirements": [
        "colorspace",
        "methods"
      ],
      "Hash": "4fd8900853b746af55b81fda99da7695"
    },
    "mvtnorm": {
      "Package": "mvtnorm",
      "Version": "1.3-2",
      "Source": "Repository",
      "Repository": "CRAN",
      "Requirements": [
        "R",
        "stats"
      ],
      "Hash": "9e8405eacb262c0a939e121650247f4b"
    },
    "pillar": {
      "Package": "pillar",
      "Version": "1.7.0",
      "Source": "Repository",
      "Repository": "RSPM",
      "Requirements": [
        "cli",
        "crayon",
        "ellipsis",
        "fansi",
        "glue",
        "lifecycle",
        "rlang",
        "utf8",
        "utils",
        "vctrs"
      ],
      "Hash": "51dfc97e1b7069e9f7e6f83f3589c22e"
    },
    "pkgconfig": {
      "Package": "pkgconfig",
      "Version": "2.0.3",
      "Source": "Repository",
      "Repository": "RSPM",
      "Requirements": [
        "utils"
      ],
      "Hash": "01f28d4278f15c76cddbea05899c5d6f"
    },
    "plot3D": {
      "Package": "plot3D",
      "Version": "1.4.1",
      "Source": "Repository",
      "Repository": "CRAN",
      "Requirements": [
        "R",
        "grDevices",
        "graphics",
        "methods",
        "misc3d",
        "stats"
      ],
      "Hash": "b1e8f761a96fc80a1efa80e88e6daa62"
    },
    "pracma": {
      "Package": "pracma",
      "Version": "2.4.4",
      "Source": "Repository",
      "Repository": "CRAN",
      "Requirements": [
        "R",
        "grDevices",
        "graphics",
        "stats",
        "utils"
      ],
      "Hash": "44bc172d47d1ea0a638d9f299e321203"
    },
    "prettyunits": {
      "Package": "prettyunits",
      "Version": "1.1.1",
      "Source": "Repository",
      "Repository": "RSPM",
      "Hash": "95ef9167b75dde9d2ccc3c7528393e7e"
    },
    "progress": {
      "Package": "progress",
      "Version": "1.2.3",
      "Source": "Repository",
      "Repository": "CRAN",
      "Requirements": [
        "R",
        "R6",
        "crayon",
        "hms",
        "prettyunits"
      ],
      "Hash": "f4625e061cb2865f111b47ff163a5ca6"
    },
    "ptinpoly": {
      "Package": "ptinpoly",
      "Version": "2.8",
      "Source": "Repository",
      "Repository": "CRAN",
      "Requirements": [
        "R",
        "misc3d"
      ],
      "Hash": "b2435d4014e744d9822c7c2bd4b4c78c"
    },
    "rappdirs": {
      "Package": "rappdirs",
      "Version": "0.3.3",
      "Source": "Repository",
      "Repository": "RSPM",
      "Requirements": [
        "R"
      ],
      "Hash": "5e3c5dc0b071b21fa128676560dbe94d"
    },
    "readr": {
      "Package": "readr",
      "Version": "2.1.5",
      "Source": "Repository",
      "Repository": "CRAN",
      "Requirements": [
        "R",
        "R6",
        "cli",
        "clipr",
        "cpp11",
        "crayon",
        "hms",
        "lifecycle",
        "methods",
        "rlang",
        "tibble",
        "tzdb",
        "utils",
        "vroom"
      ],
      "Hash": "9de96463d2117f6ac49980577939dfb3"
    },
    "readxl": {
      "Package": "readxl",
      "Version": "1.4.3",
      "Source": "Repository",
      "Repository": "CRAN",
      "Requirements": [
        "R",
        "cellranger",
        "cpp11",
        "progress",
        "tibble",
        "utils"
      ],
      "Hash": "8cf9c239b96df1bbb133b74aef77ad0a"
    },
    "rematch": {
      "Package": "rematch",
      "Version": "2.0.0",
      "Source": "Repository",
      "Repository": "CRAN",
      "Hash": "cbff1b666c6fa6d21202f07e2318d4f1"
    },
    "renv": {
      "Package": "renv",
      "Version": "1.0.11.9000",
      "Source": "GitHub",
      "RemoteType": "github",
      "RemoteHost": "api.github.com",
      "RemoteRepo": "renv",
      "RemoteUsername": "rstudio",
      "RemoteSha": "12f7d7be5b740428664a99f01157e0173d4d8ca3",
      "Requirements": [
        "utils"
      ],
      "Hash": "6739ca2712752aaa84160a37d2b13ede"
    },
    "rgl": {
      "Package": "rgl",
      "Version": "1.3.14",
      "Source": "Repository",
      "Repository": "CRAN",
      "Requirements": [
        "R",
        "R6",
        "base64enc",
        "grDevices",
        "graphics",
        "htmltools",
        "htmlwidgets",
        "jsonlite",
        "knitr",
        "magrittr",
        "mime",
        "stats",
        "utils"
      ],
      "Hash": "e9e5def6581dfba38be1eb14771777b1"
    },
    "rio": {
      "Package": "rio",
      "Version": "1.2.3",
      "Source": "Repository",
      "Repository": "CRAN",
      "Requirements": [
        "R",
        "R.utils",
        "curl",
        "data.table",
        "foreign",
        "haven",
        "lifecycle",
        "readr",
        "readxl",
        "stats",
        "tibble",
        "tools",
        "utils",
        "writexl"
      ],
      "Hash": "baaf90aab11c061de79399519f537442"
    },
    "rlang": {
      "Package": "rlang",
      "Version": "1.1.4",
      "Source": "Repository",
      "Repository": "CRAN",
      "Requirements": [
        "R",
        "utils"
      ],
      "Hash": "3eec01f8b1dee337674b2e34ab1f9bc1"
    },
    "rmarkdown": {
      "Package": "rmarkdown",
      "Version": "2.29",
      "Source": "Repository",
      "Repository": "CRAN",
      "Requirements": [
        "R",
        "bslib",
        "evaluate",
        "fontawesome",
        "htmltools",
        "jquerylib",
        "jsonlite",
        "knitr",
        "methods",
        "tinytex",
        "tools",
        "utils",
        "xfun",
        "yaml"
      ],
      "Hash": "df99277f63d01c34e95e3d2f06a79736"
    },
    "sass": {
      "Package": "sass",
      "Version": "0.4.9",
      "Source": "Repository",
      "Repository": "CRAN",
      "Requirements": [
        "R6",
        "fs",
        "htmltools",
        "rappdirs",
        "rlang"
      ],
      "Hash": "d53dbfddf695303ea4ad66f86e99b95d"
    },
    "scales": {
      "Package": "scales",
      "Version": "1.3.0",
      "Source": "Repository",
      "Repository": "CRAN",
      "Requirements": [
        "R",
        "R6",
        "RColorBrewer",
        "cli",
        "farver",
        "glue",
        "labeling",
        "lifecycle",
        "munsell",
        "rlang",
        "viridisLite"
      ],
      "Hash": "c19df082ba346b0ffa6f833e92de34d1"
    },
    "tibble": {
      "Package": "tibble",
      "Version": "3.1.6",
      "Source": "Repository",
      "Repository": "RSPM",
      "Requirements": [
        "R",
        "ellipsis",
        "fansi",
        "lifecycle",
        "magrittr",
        "methods",
        "pillar",
        "pkgconfig",
        "rlang",
        "utils",
        "vctrs"
      ],
      "Hash": "8a8f02d1934dfd6431c671361510dd0b"
    },
    "tinytex": {
      "Package": "tinytex",
      "Version": "0.54",
      "Source": "Repository",
      "Repository": "CRAN",
      "Requirements": [
        "xfun"
      ],
      "Hash": "3ec7e3ddcacc2d34a9046941222bf94d"
    },
    "tzdb": {
      "Package": "tzdb",
      "Version": "0.4.0",
      "Source": "Repository",
      "Repository": "CRAN",
      "Requirements": [
        "R",
        "cpp11"
      ],
      "Hash": "f561504ec2897f4d46f0c7657e488ae1"
    },
    "utf8": {
      "Package": "utf8",
      "Version": "1.2.2",
      "Source": "Repository",
      "Repository": "RSPM",
      "Requirements": [
        "R"
      ],
      "Hash": "c9c462b759a5cc844ae25b5942654d13"
    },
    "vctrs": {
      "Package": "vctrs",
      "Version": "0.6.5",
      "Source": "Repository",
      "Repository": "CRAN",
      "Requirements": [
        "R",
        "cli",
        "glue",
        "lifecycle",
        "rlang"
      ],
      "Hash": "c03fa420630029418f7e6da3667aac4a"
    },
    "viridisLite": {
      "Package": "viridisLite",
      "Version": "0.4.2",
      "Source": "Repository",
      "Repository": "CRAN",
      "Requirements": [
        "R"
      ],
      "Hash": "c826c7c4241b6fc89ff55aaea3fa7491"
    },
    "vroom": {
      "Package": "vroom",
      "Version": "1.6.5",
      "Source": "Repository",
      "Repository": "CRAN",
      "Requirements": [
        "R",
        "bit64",
        "cli",
        "cpp11",
        "crayon",
        "glue",
        "hms",
        "lifecycle",
        "methods",
        "progress",
        "rlang",
        "stats",
        "tibble",
        "tidyselect",
        "tzdb",
        "vctrs",
        "withr"
      ],
      "Hash": "390f9315bc0025be03012054103d227c"
    },
    "withr": {
      "Package": "withr",
      "Version": "2.5.0",
      "Source": "Repository",
      "Repository": "RSPM",
      "Requirements": [
        "R",
        "grDevices",
        "graphics",
        "stats"
      ],
      "Hash": "c0e49a9760983e81e55cdd9be92e7182"
    },
    "writexl": {
      "Package": "writexl",
      "Version": "1.5.1",
      "Source": "Repository",
      "Repository": "CRAN",
      "Hash": "3eb948ad9591d7b34987772d44e4be12"
    },
    "xfun": {
      "Package": "xfun",
      "Version": "0.49",
      "Source": "Repository",
      "Repository": "CRAN",
      "Requirements": [
        "R",
        "grDevices",
        "stats",
        "tools"
      ],
      "Hash": "8687398773806cfff9401a2feca96298"
    },
    "yaml": {
      "Package": "yaml",
      "Version": "2.3.5",
      "Source": "Repository",
      "Repository": "RSPM",
      "Hash": "458bb38374d73bf83b1bb85e353da200"
    }
  }
}
